github.com/spf13/pflag v1.0.5 h1:iy+VFUOCP1a+8yFto/drg2CJ5u0yRoB7fZw3DKv/JXA=
github.com/spf13/pflag v1.0.5/go.mod h1:McXfInJRrz4CZXVZOBLb0bTZqETkiAhM9Iw0y3An2Bg=
github.com/willbritton/gocli v0.0.0-20230308130956-234a4e26e941 h1:Vah7GeLgfeyZIFE+9ADj1QqKKNK5fwxAWWIkoLAHeSo=
github.com/willbritton/gocli v0.0.0-20230308130956-234a4e26e941/go.mod h1:slfjIBcA6wwh9MpY5CN7fvUhSRGMe8vrlbrMx1WUViI=
github.com/willbritton/gocli v0.0.1 h1:Sx2XtS/NkGGd8zNkcpvw6qLfI4Q7AMphFNv3U6eW4hY=
github.com/willbritton/gocli v0.0.1/go.mod h1:30C07rgQZqItcKGjalTIyLxa00J0CYvwyx5CPtOZq40=
